{
  "lockfileVersion": 1,
  "configVersion": 1,
  "workspaces": {
    "": {
      "name": "@evvm/x402",
      "dependencies": {
        "@evvm/evvm-js": "^0.1.26",
        "@x402/core": "^2.6.0",
        "viem": "^2.47.2",
      },
      "devDependencies": {
        "@types/bun": "latest",
      },
      "peerDependencies": {
        "typescript": "^5",
      },
    },
  },
  "packages": {
    "@adraffy/ens-normalize": ["@adraffy/ens-normalize@1.10.1", "", {}, "sha512-96Z2IP3mYmF1Xg2cDm8f1gWGf/HUVedQ3FMifV4kG/PQ4yEP51xDtRAEfhVNt5f/uzpNkZHwWQuUcu6D6K+Ekw=="],

    "@evvm/evvm-js": ["@evvm/evvm-js@0.1.26", "", { "dependencies": { "crypto-browserify": "^3.12.1", "ethers": "^6.16.0", "viem": "2.45.0" }, "peerDependencies": { "typescript": "^5" } }, "sha512-F2Fw/icrT4vsKjNRcKtc5bUpHWAPyvObx3p84djPAZ/JTJNWJ0np9RmeUzorxiTHr1VdROTTsYke00lYb/0eKQ=="],

    "@noble/ciphers": ["@noble/ciphers@1.3.0", "", {}, "sha512-2I0gnIVPtfnMw9ee9h1dJG7tp81+8Ob3OJb3Mv37rx5L40/b0i7djjCVvGOVqc9AEIQyvyu1i6ypKdFw8R8gQw=="],

    "@noble/curves": ["@noble/curves@1.9.1", "", { "dependencies": { "@noble/hashes": "1.8.0" } }, "sha512-k11yZxZg+t+gWvBbIswW0yoJlu8cHOC7dhunwOzoWH/mXGBiYyR4YY6hAEK/3EUs4UpB8la1RfdRpeGsFHkWsA=="],

    "@noble/hashes": ["@noble/hashes@1.8.0", "", {}, "sha512-jCs9ldd7NwzpgXDIf6P3+NrHh9/sD6CQdxHyjQI+h/6rDNo88ypBxxz45UDuZHz9r3tNz7N/VInSVoVdtXEI4A=="],

    "@scure/base": ["@scure/base@1.2.6", "", {}, "sha512-g/nm5FgUa//MCj1gV09zTJTaM6KBAHqLN907YVQqf7zC49+DcO4B1so4ZX07Ef10Twr6nuqYEH9GEggFXA4Fmg=="],

    "@scure/bip32": ["@scure/bip32@1.7.0", "", { "dependencies": { "@noble/curves": "~1.9.0", "@noble/hashes": "~1.8.0", "@scure/base": "~1.2.5" } }, "sha512-E4FFX/N3f4B80AKWp5dP6ow+flD1LQZo/w8UnLGYZO674jS6YnYeepycOOksv+vLPSpgN35wgKgy+ybfTb2SMw=="],

    "@scure/bip39": ["@scure/bip39@1.6.0", "", { "dependencies": { "@noble/hashes": "~1.8.0", "@scure/base": "~1.2.5" } }, "sha512-+lF0BbLiJNwVlev4eKelw1WWLaiKXw7sSl8T6FvBlWkdX+94aGJ4o8XjUdlyhTCjd8c+B3KT3JfS8P0bLRNU6A=="],

    "@types/bun": ["@types/bun@1.3.10", "", { "dependencies": { "bun-types": "1.3.10" } }, "sha512-0+rlrUrOrTSskibryHbvQkDOWRJwJZqZlxrUs1u4oOoTln8+WIXBPmAuCF35SWB2z4Zl3E84Nl/D0P7803nigQ=="],

    "@types/node": ["@types/node@25.4.0", "", { "dependencies": { "undici-types": "~7.18.0" } }, "sha512-9wLpoeWuBlcbBpOY3XmzSTG3oscB6xjBEEtn+pYXTfhyXhIxC5FsBer2KTopBlvKEiW9l13po9fq+SJY/5lkhw=="],

    "@x402/core": ["@x402/core@2.6.0", "", { "dependencies": { "zod": "^3.24.2" } }, "sha512-ISC/JeVss6xlKvor2rp18tJf9K5OQlIDDfZW1VZJQGDI2F4gy+HWxxkFfcQalCsPp4YUlwqh0YOkUxP+LTZWVg=="],

    "abitype": ["abitype@1.2.3", "", { "peerDependencies": { "typescript": ">=5.0.4", "zod": "^3.22.0 || ^4.0.0" }, "optionalPeers": ["typescript", "zod"] }, "sha512-Ofer5QUnuUdTFsBRwARMoWKOH1ND5ehwYhJ3OJ/BQO+StkwQjHw0XyVh4vDttzHB7QOFhPHa/o413PJ82gU/Tg=="],

    "aes-js": ["aes-js@4.0.0-beta.5", "", {}, "sha512-G965FqalsNyrPqgEGON7nIx1e/OVENSgiEIzyC63haUMuvNnwIgIjMs52hlTCKhkBny7A2ORNlfY9Zu+jmGk1Q=="],

    "asn1.js": ["asn1.js@4.10.1", "", { "dependencies": { "bn.js": "^4.0.0", "inherits": "^2.0.1", "minimalistic-assert": "^1.0.0" } }, "sha512-p32cOF5q0Zqs9uBiONKYLm6BClCoBCM5O9JfeUSlnQLBTxYdTK+pW+nXflm8UkKd2UYlEbYz5qEi0JuZR9ckSw=="],

    "available-typed-arrays": ["available-typed-arrays@1.0.7", "", { "dependencies": { "possible-typed-array-names": "^1.0.0" } }, "sha512-wvUjBtSGN7+7SjNpq/9M2Tg350UZD3q62IFZLbRAR1bSMlCo1ZaeW+BJ+D090e4hIIZLBcTDWe4Mh4jvUDajzQ=="],

    "bn.js": ["bn.js@5.2.3", "", {}, "sha512-EAcmnPkxpntVL+DS7bO1zhcZNvCkxqtkd0ZY53h06GNQ3DEkkGZ/gKgmDv6DdZQGj9BgfSPKtJJ7Dp1GPP8f7w=="],

    "brorand": ["brorand@1.1.0", "", {}, "sha512-cKV8tMCEpQs4hK/ik71d6LrPOnpkpGBR0wzxqr68g2m/LB2GxVYQroAjMJZRVM1Y4BCjCKc3vAamxSzOY2RP+w=="],

    "browserify-aes": ["browserify-aes@1.2.0", "", { "dependencies": { "buffer-xor": "^1.0.3", "cipher-base": "^1.0.0", "create-hash": "^1.1.0", "evp_bytestokey": "^1.0.3", "inherits": "^2.0.1", "safe-buffer": "^5.0.1" } }, "sha512-+7CHXqGuspUn/Sl5aO7Ea0xWGAtETPXNSAjHo48JfLdPWcMng33Xe4znFvQweqc/uzk5zSOI3H52CYnjCfb5hA=="],

    "browserify-cipher": ["browserify-cipher@1.0.1", "", { "dependencies": { "browserify-aes": "^1.0.4", "browserify-des": "^1.0.0", "evp_bytestokey": "^1.0.0" } }, "sha512-sPhkz0ARKbf4rRQt2hTpAHqn47X3llLkUGn+xEJzLjwY8LRs2p0v7ljvI5EyoRO/mexrNunNECisZs+gw2zz1w=="],

    "browserify-des": ["browserify-des@1.0.2", "", { "dependencies": { "cipher-base": "^1.0.1", "des.js": "^1.0.0", "inherits": "^2.0.1", "safe-buffer": "^5.1.2" } }, "sha512-BioO1xf3hFwz4kc6iBhI3ieDFompMhrMlnDFC4/0/vd5MokpuAc3R+LYbwTA9A5Yc9pq9UYPqffKpW2ObuwX5A=="],

    "browserify-rsa": ["browserify-rsa@4.1.1", "", { "dependencies": { "bn.js": "^5.2.1", "randombytes": "^2.1.0", "safe-buffer": "^5.2.1" } }, "sha512-YBjSAiTqM04ZVei6sXighu679a3SqWORA3qZTEqZImnlkDIFtKc6pNutpjyZ8RJTjQtuYfeetkxM11GwoYXMIQ=="],

    "browserify-sign": ["browserify-sign@4.2.5", "", { "dependencies": { "bn.js": "^5.2.2", "browserify-rsa": "^4.1.1", "create-hash": "^1.2.0", "create-hmac": "^1.1.7", "elliptic": "^6.6.1", "inherits": "^2.0.4", "parse-asn1": "^5.1.9", "readable-stream": "^2.3.8", "safe-buffer": "^5.2.1" } }, "sha512-C2AUdAJg6rlM2W5QMp2Q4KGQMVBwR1lIimTsUnutJ8bMpW5B52pGpR2gEnNBNwijumDo5FojQ0L9JrXA8m4YEw=="],

    "buffer-xor": ["buffer-xor@1.0.3", "", {}, "sha512-571s0T7nZWK6vB67HI5dyUF7wXiNcfaPPPTl6zYCNApANjIvYJTg7hlud/+cJpdAhS7dVzqMLmfhfHR3rAcOjQ=="],

    "bun-types": ["bun-types@1.3.10", "", { "dependencies": { "@types/node": "*" } }, "sha512-tcpfCCl6XWo6nCVnpcVrxQ+9AYN1iqMIzgrSKYMB/fjLtV2eyAVEg7AxQJuCq/26R6HpKWykQXuSOq/21RYcbg=="],

    "call-bind": ["call-bind@1.0.8", "", { "dependencies": { "call-bind-apply-helpers": "^1.0.0", "es-define-property": "^1.0.0", "get-intrinsic": "^1.2.4", "set-function-length": "^1.2.2" } }, "sha512-oKlSFMcMwpUg2ednkhQ454wfWiU/ul3CkJe/PEHcTKuiX6RpbehUiFMXu13HalGZxfUwCQzZG747YXBn1im9ww=="],

    "call-bind-apply-helpers": ["call-bind-apply-helpers@1.0.2", "", { "dependencies": { "es-errors": "^1.3.0", "function-bind": "^1.1.2" } }, "sha512-Sp1ablJ0ivDkSzjcaJdxEunN5/XvksFJ2sMBFfq6x0ryhQV/2b/KwFe21cMpmHtPOSij8K99/wSfoEuTObmuMQ=="],

    "call-bound": ["call-bound@1.0.4", "", { "dependencies": { "call-bind-apply-helpers": "^1.0.2", "get-intrinsic": "^1.3.0" } }, "sha512-+ys997U96po4Kx/ABpBCqhA9EuxJaQWDQg7295H4hBphv3IZg0boBKuwYpt4YXp6MZ5AmZQnU/tyMTlRpaSejg=="],

    "cipher-base": ["cipher-base@1.0.7", "", { "dependencies": { "inherits": "^2.0.4", "safe-buffer": "^5.2.1", "to-buffer": "^1.2.2" } }, "sha512-Mz9QMT5fJe7bKI7MH31UilT5cEK5EHHRCccw/YRFsRY47AuNgaV6HY3rscp0/I4Q+tTW/5zoqpSeRRI54TkDWA=="],

    "core-util-is": ["core-util-is@1.0.3", "", {}, "sha512-ZQBvi1DcpJ4GDqanjucZ2Hj3wEO5pZDS89BWbkcrvdxksJorwUDDZamX9ldFkp9aw2lmBDLgkObEA4DWNJ9FYQ=="],

    "create-ecdh": ["create-ecdh@4.0.4", "", { "dependencies": { "bn.js": "^4.1.0", "elliptic": "^6.5.3" } }, "sha512-mf+TCx8wWc9VpuxfP2ht0iSISLZnt0JgWlrOKZiNqyUZWnjIaCIVNQArMHnCZKfEYRg6IM7A+NeJoN8gf/Ws0A=="],

    "create-hash": ["create-hash@1.2.0", "", { "dependencies": { "cipher-base": "^1.0.1", "inherits": "^2.0.1", "md5.js": "^1.3.4", "ripemd160": "^2.0.1", "sha.js": "^2.4.0" } }, "sha512-z00bCGNHDG8mHAkP7CtT1qVu+bFQUPjYq/4Iv3C3kWjTFV10zIjfSoeqXo9Asws8gwSHDGj/hl2u4OGIjapeCg=="],

    "create-hmac": ["create-hmac@1.1.7", "", { "dependencies": { "cipher-base": "^1.0.3", "create-hash": "^1.1.0", "inherits": "^2.0.1", "ripemd160": "^2.0.0", "safe-buffer": "^5.0.1", "sha.js": "^2.4.8" } }, "sha512-MJG9liiZ+ogc4TzUwuvbER1JRdgvUFSB5+VR/g5h82fGaIRWMWddtKBHi7/sVhfjQZ6SehlyhvQYrcYkaUIpLg=="],

    "crypto-browserify": ["crypto-browserify@3.12.1", "", { "dependencies": { "browserify-cipher": "^1.0.1", "browserify-sign": "^4.2.3", "create-ecdh": "^4.0.4", "create-hash": "^1.2.0", "create-hmac": "^1.1.7", "diffie-hellman": "^5.0.3", "hash-base": "~3.0.4", "inherits": "^2.0.4", "pbkdf2": "^3.1.2", "public-encrypt": "^4.0.3", "randombytes": "^2.1.0", "randomfill": "^1.0.4" } }, "sha512-r4ESw/IlusD17lgQi1O20Fa3qNnsckR126TdUuBgAu7GBYSIPvdNyONd3Zrxh0xCwA4+6w/TDArBPsMvhur+KQ=="],

    "define-data-property": ["define-data-property@1.1.4", "", { "dependencies": { "es-define-property": "^1.0.0", "es-errors": "^1.3.0", "gopd": "^1.0.1" } }, "sha512-rBMvIzlpA8v6E+SJZoo++HAYqsLrkg7MSfIinMPFhmkorw7X+dOXVJQs+QT69zGkzMyfDnIMN2Wid1+NbL3T+A=="],

    "des.js": ["des.js@1.1.0", "", { "dependencies": { "inherits": "^2.0.1", "minimalistic-assert": "^1.0.0" } }, "sha512-r17GxjhUCjSRy8aiJpr8/UadFIzMzJGexI3Nmz4ADi9LYSFx4gTBp80+NaX/YsXWWLhpZ7v/v/ubEc/bCNfKwg=="],

    "diffie-hellman": ["diffie-hellman@5.0.3", "", { "dependencies": { "bn.js": "^4.1.0", "miller-rabin": "^4.0.0", "randombytes": "^2.0.0" } }, "sha512-kqag/Nl+f3GwyK25fhUMYj81BUOrZ9IuJsjIcDE5icNM9FJHAVm3VcUDxdLPoQtTuUylWm6ZIknYJwwaPxsUzg=="],

    "dunder-proto": ["dunder-proto@1.0.1", "", { "dependencies": { "call-bind-apply-helpers": "^1.0.1", "es-errors": "^1.3.0", "gopd": "^1.2.0" } }, "sha512-KIN/nDJBQRcXw0MLVhZE9iQHmG68qAVIBg9CqmUYjmQIhgij9U5MFvrqkUL5FbtyyzZuOeOt0zdeRe4UY7ct+A=="],

    "elliptic": ["elliptic@6.6.1", "", { "dependencies": { "bn.js": "^4.11.9", "brorand": "^1.1.0", "hash.js": "^1.0.0", "hmac-drbg": "^1.0.1", "inherits": "^2.0.4", "minimalistic-assert": "^1.0.1", "minimalistic-crypto-utils": "^1.0.1" } }, "sha512-RaddvvMatK2LJHqFJ+YA4WysVN5Ita9E35botqIYspQ4TkRAlCicdzKOjlyv/1Za5RyTNn7di//eEV0uTAfe3g=="],

    "es-define-property": ["es-define-property@1.0.1", "", {}, "sha512-e3nRfgfUZ4rNGL232gUgX06QNyyez04KdjFrF+LTRoOXmrOgFKDg4BCdsjW8EnT69eqdYGmRpJwiPVYNrCaW3g=="],

    "es-errors": ["es-errors@1.3.0", "", {}, "sha512-Zf5H2Kxt2xjTvbJvP2ZWLEICxA6j+hAmMzIlypy4xcBg1vKVnx89Wy0GbS+kf5cwCVFFzdCFh2XSCFNULS6csw=="],

    "es-object-atoms": ["es-object-atoms@1.1.1", "", { "dependencies": { "es-errors": "^1.3.0" } }, "sha512-FGgH2h8zKNim9ljj7dankFPcICIK9Cp5bm+c2gQSYePhpaG5+esrLODihIorn+Pe6FGJzWhXQotPv73jTaldXA=="],

    "ethers": ["ethers@6.16.0", "", { "dependencies": { "@adraffy/ens-normalize": "1.10.1", "@noble/curves": "1.2.0", "@noble/hashes": "1.3.2", "@types/node": "22.7.5", "aes-js": "4.0.0-beta.5", "tslib": "2.7.0", "ws": "8.17.1" } }, "sha512-U1wulmetNymijEhpSEQ7Ct/P/Jw9/e7R1j5XIbPRydgV2DjLVMsULDlNksq3RQnFgKoLlZf88ijYtWEXcPa07A=="],

    "eventemitter3": ["eventemitter3@5.0.1", "", {}, "sha512-GWkBvjiSZK87ELrYOSESUYeVIc9mvLLf/nXalMOS5dYrgZq9o5OVkbZAVM06CVxYsCwH9BDZFPlQTlPA1j4ahA=="],

    "evp_bytestokey": ["evp_bytestokey@1.0.3", "", { "dependencies": { "md5.js": "^1.3.4", "safe-buffer": "^5.1.1" } }, "sha512-/f2Go4TognH/KvCISP7OUsHn85hT9nUkxxA9BEWxFn+Oj9o8ZNLm/40hdlgSLyuOimsrTKLUMEorQexp/aPQeA=="],

    "for-each": ["for-each@0.3.5", "", { "dependencies": { "is-callable": "^1.2.7" } }, "sha512-dKx12eRCVIzqCxFGplyFKJMPvLEWgmNtUrpTiJIR5u97zEhRG8ySrtboPHZXx7daLxQVrl643cTzbab2tkQjxg=="],

    "function-bind": ["function-bind@1.1.2", "", {}, "sha512-7XHNxH7qX9xG5mIwxkhumTox/MIRNcOgDrxWsMt2pAr23WHp6MrRlN7FBSFpCpr+oVO0F744iUgR82nJMfG2SA=="],

    "get-intrinsic": ["get-intrinsic@1.3.0", "", { "dependencies": { "call-bind-apply-helpers": "^1.0.2", "es-define-property": "^1.0.1", "es-errors": "^1.3.0", "es-object-atoms": "^1.1.1", "function-bind": "^1.1.2", "get-proto": "^1.0.1", "gopd": "^1.2.0", "has-symbols": "^1.1.0", "hasown": "^2.0.2", "math-intrinsics": "^1.1.0" } }, "sha512-9fSjSaos/fRIVIp+xSJlE6lfwhES7LNtKaCBIamHsjr2na1BiABJPo0mOjjz8GJDURarmCPGqaiVg5mfjb98CQ=="],

    "get-proto": ["get-proto@1.0.1", "", { "dependencies": { "dunder-proto": "^1.0.1", "es-object-atoms": "^1.0.0" } }, "sha512-sTSfBjoXBp89JvIKIefqw7U2CCebsc74kiY6awiGogKtoSGbgjYE/G/+l9sF3MWFPNc9IcoOC4ODfKHfxFmp0g=="],

    "gopd": ["gopd@1.2.0", "", {}, "sha512-ZUKRh6/kUFoAiTAtTYPZJ3hw9wNxx+BIBOijnlG9PnrJsCcSjs1wyyD6vJpaYtgnzDrKYRSqf3OO6Rfa93xsRg=="],

    "has-property-descriptors": ["has-property-descriptors@1.0.2", "", { "dependencies": { "es-define-property": "^1.0.0" } }, "sha512-55JNKuIW+vq4Ke1BjOTjM2YctQIvCT7GFzHwmfZPGo5wnrgkid0YQtnAleFSqumZm4az3n2BS+erby5ipJdgrg=="],

    "has-symbols": ["has-symbols@1.1.0", "", {}, "sha512-1cDNdwJ2Jaohmb3sg4OmKaMBwuC48sYni5HUw2DvsC8LjGTLK9h+eb1X6RyuOHe4hT0ULCW68iomhjUoKUqlPQ=="],

    "has-tostringtag": ["has-tostringtag@1.0.2", "", { "dependencies": { "has-symbols": "^1.0.3" } }, "sha512-NqADB8VjPFLM2V0VvHUewwwsw0ZWBaIdgo+ieHtK3hasLz4qeCRjYcqfB6AQrBggRKppKF8L52/VqdVsO47Dlw=="],

    "hash-base": ["hash-base@3.0.5", "", { "dependencies": { "inherits": "^2.0.4", "safe-buffer": "^5.2.1" } }, "sha512-vXm0l45VbcHEVlTCzs8M+s0VeYsB2lnlAaThoLKGXr3bE/VWDOelNUnycUPEhKEaXARL2TEFjBOyUiM6+55KBg=="],

    "hash.js": ["hash.js@1.1.7", "", { "dependencies": { "inherits": "^2.0.3", "minimalistic-assert": "^1.0.1" } }, "sha512-taOaskGt4z4SOANNseOviYDvjEJinIkRgmp7LbKP2YTTmVxWBl87s/uzK9r+44BclBSp2X7K1hqeNfz9JbBeXA=="],

    "hasown": ["hasown@2.0.2", "", { "dependencies": { "function-bind": "^1.1.2" } }, "sha512-0hJU9SCPvmMzIBdZFqNPXWa6dqh7WdH0cII9y+CyS8rG3nL48Bclra9HmKhVVUHyPWNH5Y7xDwAB7bfgSjkUMQ=="],

    "hmac-drbg": ["hmac-drbg@1.0.1", "", { "dependencies": { "hash.js": "^1.0.3", "minimalistic-assert": "^1.0.0", "minimalistic-crypto-utils": "^1.0.1" } }, "sha512-Tti3gMqLdZfhOQY1Mzf/AanLiqh1WTiJgEj26ZuYQ9fbkLomzGchCws4FyrSd4VkpBfiNhaE1On+lOz894jvXg=="],

    "inherits": ["inherits@2.0.4", "", {}, "sha512-k/vGaX4/Yla3WzyMCvTQOXYeIHvqOKtnqBduzTHpzpQZzAskKMhZ2K+EnBiSM9zGSoIFeMpXKxa4dYeZIQqewQ=="],

    "is-callable": ["is-callable@1.2.7", "", {}, "sha512-1BC0BVFhS/p0qtw6enp8e+8OD0UrK0oFLztSjNzhcKA3WDuJxxAPXzPuPtKkjEY9UUoEWlX/8fgKeu2S8i9JTA=="],

    "is-typed-array": ["is-typed-array@1.1.15", "", { "dependencies": { "which-typed-array": "^1.1.16" } }, "sha512-p3EcsicXjit7SaskXHs1hA91QxgTw46Fv6EFKKGS5DRFLD8yKnohjF3hxoju94b/OcMZoQukzpPpBE9uLVKzgQ=="],

    "isarray": ["isarray@1.0.0", "", {}, "sha512-VLghIWNM6ELQzo7zwmcg0NmTVyWKYjvIeM83yjp0wRDTmUnrM678fQbcKBo6n2CJEF0szoG//ytg+TKla89ALQ=="],

    "isows": ["isows@1.0.7", "", { "peerDependencies": { "ws": "*" } }, "sha512-I1fSfDCZL5P0v33sVqeTDSpcstAg/N+wF5HS033mogOVIp4B+oHC7oOCsA3axAbBSGTJ8QubbNmnIRN/h8U7hg=="],

    "math-intrinsics": ["math-intrinsics@1.1.0", "", {}, "sha512-/IXtbwEk5HTPyEwyKX6hGkYXxM9nbj64B+ilVJnC/R6B0pH5G4V3b0pVbL7DBj4tkhBAppbQUlf6F6Xl9LHu1g=="],

    "md5.js": ["md5.js@1.3.5", "", { "dependencies": { "hash-base": "^3.0.0", "inherits": "^2.0.1", "safe-buffer": "^5.1.2" } }, "sha512-xitP+WxNPcTTOgnTJcrhM0xvdPepipPSf3I8EIpGKeFLjt3PlJLIDG3u8EX53ZIubkb+5U2+3rELYpEhHhzdkg=="],

    "miller-rabin": ["miller-rabin@4.0.1", "", { "dependencies": { "bn.js": "^4.0.0", "brorand": "^1.0.1" }, "bin": { "miller-rabin": "bin/miller-rabin" } }, "sha512-115fLhvZVqWwHPbClyntxEVfVDfl9DLLTuJvq3g2O/Oxi8AiNouAHvDSzHS0viUJc+V5vm3eq91Xwqn9dp4jRA=="],

    "minimalistic-assert": ["minimalistic-assert@1.0.1", "", {}, "sha512-UtJcAD4yEaGtjPezWuO9wC4nwUnVH/8/Im3yEHQP4b67cXlD/Qr9hdITCU1xDbSEXg2XKNaP8jsReV7vQd00/A=="],

    "minimalistic-crypto-utils": ["minimalistic-crypto-utils@1.0.1", "", {}, "sha512-JIYlbt6g8i5jKfJ3xz7rF0LXmv2TkDxBLUkiBeZ7bAx4GnnNMr8xFpGnOxn6GhTEHx3SjRrZEoU+j04prX1ktg=="],

    "ox": ["ox@0.14.0", "", { "dependencies": { "@adraffy/ens-normalize": "^1.11.0", "@noble/ciphers": "^1.3.0", "@noble/curves": "1.9.1", "@noble/hashes": "^1.8.0", "@scure/bip32": "^1.7.0", "@scure/bip39": "^1.6.0", "abitype": "^1.2.3", "eventemitter3": "5.0.1" }, "peerDependencies": { "typescript": ">=5.4.0" }, "optionalPeers": ["typescript"] }, "sha512-WLOB7IKnmI3Ol6RAqY7CJdZKl8QaI44LN91OGF1061YIeN6bL5IsFcdp7+oQShRyamE/8fW/CBRWhJAOzI35Dw=="],

    "parse-asn1": ["parse-asn1@5.1.9", "", { "dependencies": { "asn1.js": "^4.10.1", "browserify-aes": "^1.2.0", "evp_bytestokey": "^1.0.3", "pbkdf2": "^3.1.5", "safe-buffer": "^5.2.1" } }, "sha512-fIYNuZ/HastSb80baGOuPRo1O9cf4baWw5WsAp7dBuUzeTD/BoaG8sVTdlPFksBE2lF21dN+A1AnrpIjSWqHHg=="],

    "pbkdf2": ["pbkdf2@3.1.5", "", { "dependencies": { "create-hash": "^1.2.0", "create-hmac": "^1.1.7", "ripemd160": "^2.0.3", "safe-buffer": "^5.2.1", "sha.js": "^2.4.12", "to-buffer": "^1.2.1" } }, "sha512-Q3CG/cYvCO1ye4QKkuH7EXxs3VC/rI1/trd+qX2+PolbaKG0H+bgcZzrTt96mMyRtejk+JMCiLUn3y29W8qmFQ=="],

    "possible-typed-array-names": ["possible-typed-array-names@1.1.0", "", {}, "sha512-/+5VFTchJDoVj3bhoqi6UeymcD00DAwb1nJwamzPvHEszJ4FpF6SNNbUbOS8yI56qHzdV8eK0qEfOSiodkTdxg=="],

    "process-nextick-args": ["process-nextick-args@2.0.1", "", {}, "sha512-3ouUOpQhtgrbOa17J7+uxOTpITYWaGP7/AhoR3+A+/1e9skrzelGi/dXzEYyvbxubEF6Wn2ypscTKiKJFFn1ag=="],

    "public-encrypt": ["public-encrypt@4.0.3", "", { "dependencies": { "bn.js": "^4.1.0", "browserify-rsa": "^4.0.0", "create-hash": "^1.1.0", "parse-asn1": "^5.0.0", "randombytes": "^2.0.1", "safe-buffer": "^5.1.2" } }, "sha512-zVpa8oKZSz5bTMTFClc1fQOnyyEzpl5ozpi1B5YcvBrdohMjH2rfsBtyXcuNuwjsDIXmBYlF2N5FlJYhR29t8Q=="],

    "randombytes": ["randombytes@2.1.0", "", { "dependencies": { "safe-buffer": "^5.1.0" } }, "sha512-vYl3iOX+4CKUWuxGi9Ukhie6fsqXqS9FE2Zaic4tNFD2N2QQaXOMFbuKK4QmDHC0JO6B1Zp41J0LpT0oR68amQ=="],

    "randomfill": ["randomfill@1.0.4", "", { "dependencies": { "randombytes": "^2.0.5", "safe-buffer": "^5.1.0" } }, "sha512-87lcbR8+MhcWcUiQ+9e+Rwx8MyR2P7qnt15ynUlbm3TU/fjbgz4GsvfSUDTemtCCtVCqb4ZcEFlyPNTh9bBTLw=="],

    "readable-stream": ["readable-stream@2.3.8", "", { "dependencies": { "core-util-is": "~1.0.0", "inherits": "~2.0.3", "isarray": "~1.0.0", "process-nextick-args": "~2.0.0", "safe-buffer": "~5.1.1", "string_decoder": "~1.1.1", "util-deprecate": "~1.0.1" } }, "sha512-8p0AUk4XODgIewSi0l8Epjs+EVnWiK7NoDIEGU0HhE7+ZyY8D1IMY7odu5lRrFXGg71L15KG8QrPmum45RTtdA=="],

    "ripemd160": ["ripemd160@2.0.3", "", { "dependencies": { "hash-base": "^3.1.2", "inherits": "^2.0.4" } }, "sha512-5Di9UC0+8h1L6ZD2d7awM7E/T4uA1fJRlx6zk/NvdCCVEoAnFqvHmCuNeIKoCeIixBX/q8uM+6ycDvF8woqosA=="],

    "safe-buffer": ["safe-buffer@5.2.1", "", {}, "sha512-rp3So07KcdmmKbGvgaNxQSJr7bGVSVk5S9Eq1F+ppbRo70+YeaDxkw5Dd8NPN+GD6bjnYm2VuPuCXmpuYvmCXQ=="],

    "set-function-length": ["set-function-length@1.2.2", "", { "dependencies": { "define-data-property": "^1.1.4", "es-errors": "^1.3.0", "function-bind": "^1.1.2", "get-intrinsic": "^1.2.4", "gopd": "^1.0.1", "has-property-descriptors": "^1.0.2" } }, "sha512-pgRc4hJ4/sNjWCSS9AmnS40x3bNMDTknHgL5UaMBTMyJnU90EgWh1Rz+MC9eFu4BuN/UwZjKQuY/1v3rM7HMfg=="],

    "sha.js": ["sha.js@2.4.12", "", { "dependencies": { "inherits": "^2.0.4", "safe-buffer": "^5.2.1", "to-buffer": "^1.2.0" }, "bin": { "sha.js": "bin.js" } }, "sha512-8LzC5+bvI45BjpfXU8V5fdU2mfeKiQe1D1gIMn7XUlF3OTUrpdJpPPH4EMAnF0DsHHdSZqCdSss5qCmJKuiO3w=="],

    "string_decoder": ["string_decoder@1.1.1", "", { "dependencies": { "safe-buffer": "~5.1.0" } }, "sha512-n/ShnvDi6FHbbVfviro+WojiFzv+s8MPMHBczVePfUpDJLwoLT0ht1l4YwBCbi8pJAveEEdnkHyPyTP/mzRfwg=="],

    "to-buffer": ["to-buffer@1.2.2", "", { "dependencies": { "isarray": "^2.0.5", "safe-buffer": "^5.2.1", "typed-array-buffer": "^1.0.3" } }, "sha512-db0E3UJjcFhpDhAF4tLo03oli3pwl3dbnzXOUIlRKrp+ldk/VUxzpWYZENsw2SZiuBjHAk7DfB0VU7NKdpb6sw=="],

    "tslib": ["tslib@2.7.0", "", {}, "sha512-gLXCKdN1/j47AiHiOkJN69hJmcbGTHI0ImLmbYLHykhgeN0jVGola9yVjFgzCUklsZQMW55o+dW7IXv3RCXDzA=="],

    "typed-array-buffer": ["typed-array-buffer@1.0.3", "", { "dependencies": { "call-bound": "^1.0.3", "es-errors": "^1.3.0", "is-typed-array": "^1.1.14" } }, "sha512-nAYYwfY3qnzX30IkA6AQZjVbtK6duGontcQm1WSG1MD94YLqK0515GNApXkoxKOWMusVssAHWLh9SeaoefYFGw=="],

    "typescript": ["typescript@5.9.3", "", { "bin": { "tsc": "bin/tsc", "tsserver": "bin/tsserver" } }, "sha512-jl1vZzPDinLr9eUt3J/t7V6FgNEw9QjvBPdysz9KfQDD41fQrC2Y4vKQdiaUpFT4bXlb1RHhLpp8wtm6M5TgSw=="],

    "undici-types": ["undici-types@7.18.2", "", {}, "sha512-AsuCzffGHJybSaRrmr5eHr81mwJU3kjw6M+uprWvCXiNeN9SOGwQ3Jn8jb8m3Z6izVgknn1R0FTCEAP2QrLY/w=="],

    "util-deprecate": ["util-deprecate@1.0.2", "", {}, "sha512-EPD5q1uXyFxJpCrLnCc1nHnq3gOa6DZBocAIiI2TaSCA7VCJ1UJDMagCzIkXNsUYfD1daK//LTEQ8xiIbrHtcw=="],

    "viem": ["viem@2.47.2", "", { "dependencies": { "@noble/curves": "1.9.1", "@noble/hashes": "1.8.0", "@scure/bip32": "1.7.0", "@scure/bip39": "1.6.0", "abitype": "1.2.3", "isows": "1.0.7", "ox": "0.14.0", "ws": "8.18.3" }, "peerDependencies": { "typescript": ">=5.0.4" }, "optionalPeers": ["typescript"] }, "sha512-etDIwDgmDiGaPg8rUbJtUFuC3/nAJCbhMYyfh5dOcqNNkzBWTNcS2VluPSM5JVo+9U3b2hle2RkBEq3+xyvlvg=="],

    "which-typed-array": ["which-typed-array@1.1.20", "", { "dependencies": { "available-typed-arrays": "^1.0.7", "call-bind": "^1.0.8", "call-bound": "^1.0.4", "for-each": "^0.3.5", "get-proto": "^1.0.1", "gopd": "^1.2.0", "has-tostringtag": "^1.0.2" } }, "sha512-LYfpUkmqwl0h9A2HL09Mms427Q1RZWuOHsukfVcKRq9q95iQxdw0ix1JQrqbcDR9PH1QDwf5Qo8OZb5lksZ8Xg=="],

    "ws": ["ws@8.18.3", "", { "peerDependencies": { "bufferutil": "^4.0.1", "utf-8-validate": ">=5.0.2" }, "optionalPeers": ["bufferutil", "utf-8-validate"] }, "sha512-PEIGCY5tSlUt50cqyMXfCzX+oOPqN0vuGqWzbcJ2xvnkzkq46oOpz7dQaTDBdfICb4N14+GARUDw2XV2N4tvzg=="],

    "zod": ["zod@3.25.76", "", {}, "sha512-gzUt/qt81nXsFGKIFcC3YnfEAx5NkunCfnDlvuBSSFS02bcXu4Lmea0AFIUwbLWxWPx3d9p8S5QoaujKcNQxcQ=="],

    "@evvm/evvm-js/viem": ["viem@2.45.0", "", { "dependencies": { "@noble/curves": "1.9.1", "@noble/hashes": "1.8.0", "@scure/bip32": "1.7.0", "@scure/bip39": "1.6.0", "abitype": "1.2.3", "isows": "1.0.7", "ox": "0.11.3", "ws": "8.18.3" }, "peerDependencies": { "typescript": ">=5.0.4" }, "optionalPeers": ["typescript"] }, "sha512-iVA9qrAgRdtpWa80lCZ6Jri6XzmLOwwA1wagX2HnKejKeliFLpON0KOdyfqvcy+gUpBVP59LBxP2aKiL3aj8fg=="],

    "asn1.js/bn.js": ["bn.js@4.12.3", "", {}, "sha512-fGTi3gxV/23FTYdAoUtLYp6qySe2KE3teyZitipKNRuVYcBkoP/bB3guXN/XVKUe9mxCHXnc9C4ocyz8OmgN0g=="],

    "create-ecdh/bn.js": ["bn.js@4.12.3", "", {}, "sha512-fGTi3gxV/23FTYdAoUtLYp6qySe2KE3teyZitipKNRuVYcBkoP/bB3guXN/XVKUe9mxCHXnc9C4ocyz8OmgN0g=="],

    "diffie-hellman/bn.js": ["bn.js@4.12.3", "", {}, "sha512-fGTi3gxV/23FTYdAoUtLYp6qySe2KE3teyZitipKNRuVYcBkoP/bB3guXN/XVKUe9mxCHXnc9C4ocyz8OmgN0g=="],

    "elliptic/bn.js": ["bn.js@4.12.3", "", {}, "sha512-fGTi3gxV/23FTYdAoUtLYp6qySe2KE3teyZitipKNRuVYcBkoP/bB3guXN/XVKUe9mxCHXnc9C4ocyz8OmgN0g=="],

    "ethers/@noble/curves": ["@noble/curves@1.2.0", "", { "dependencies": { "@noble/hashes": "1.3.2" } }, "sha512-oYclrNgRaM9SsBUBVbb8M6DTV7ZHRTKugureoYEncY5c65HOmRzvSiTE3y5CYaPYJA/GVkrhXEoF0M3Ya9PMnw=="],

    "ethers/@noble/hashes": ["@noble/hashes@1.3.2", "", {}, "sha512-MVC8EAQp7MvEcm30KWENFjgR+Mkmf+D189XJTkFIlwohU5hcBbn1ZkKq7KVTi2Hme3PMGF390DaL52beVrIihQ=="],

    "ethers/@types/node": ["@types/node@22.7.5", "", { "dependencies": { "undici-types": "~6.19.2" } }, "sha512-jML7s2NAzMWc//QSJ1a3prpk78cOPchGvXJsC3C6R6PSMoooztvRVQEz89gmBTBY1SPMaqo5teB4uNHPdetShQ=="],

    "ethers/ws": ["ws@8.17.1", "", { "peerDependencies": { "bufferutil": "^4.0.1", "utf-8-validate": ">=5.0.2" }, "optionalPeers": ["bufferutil", "utf-8-validate"] }, "sha512-6XQFvXTkbfUOZOKKILFG1PDK2NDQs4azKQl26T0YS5CxqWLgXajbPZ+h4gZekJyRqFU8pvnbAbbs/3TgRPy+GQ=="],

    "md5.js/hash-base": ["hash-base@3.1.2", "", { "dependencies": { "inherits": "^2.0.4", "readable-stream": "^2.3.8", "safe-buffer": "^5.2.1", "to-buffer": "^1.2.1" } }, "sha512-Bb33KbowVTIj5s7Ked1OsqHUeCpz//tPwR+E2zJgJKo9Z5XolZ9b6bdUgjmYlwnWhoOQKoTd1TYToZGn5mAYOg=="],

    "miller-rabin/bn.js": ["bn.js@4.12.3", "", {}, "sha512-fGTi3gxV/23FTYdAoUtLYp6qySe2KE3teyZitipKNRuVYcBkoP/bB3guXN/XVKUe9mxCHXnc9C4ocyz8OmgN0g=="],

    "ox/@adraffy/ens-normalize": ["@adraffy/ens-normalize@1.11.1", "", {}, "sha512-nhCBV3quEgesuf7c7KYfperqSS14T8bYuvJ8PcLJp6znkZpFc0AuW4qBtr8eKVyPPe/8RSr7sglCWPU5eaxwKQ=="],

    "public-encrypt/bn.js": ["bn.js@4.12.3", "", {}, "sha512-fGTi3gxV/23FTYdAoUtLYp6qySe2KE3teyZitipKNRuVYcBkoP/bB3guXN/XVKUe9mxCHXnc9C4ocyz8OmgN0g=="],

    "readable-stream/safe-buffer": ["safe-buffer@5.1.2", "", {}, "sha512-Gd2UZBJDkXlY7GbJxfsE8/nvKkUEU1G38c1siN6QP6a9PT9MmHB8GnpscSmMJSoF8LOIrt8ud/wPtojys4G6+g=="],

    "ripemd160/hash-base": ["hash-base@3.1.2", "", { "dependencies": { "inherits": "^2.0.4", "readable-stream": "^2.3.8", "safe-buffer": "^5.2.1", "to-buffer": "^1.2.1" } }, "sha512-Bb33KbowVTIj5s7Ked1OsqHUeCpz//tPwR+E2zJgJKo9Z5XolZ9b6bdUgjmYlwnWhoOQKoTd1TYToZGn5mAYOg=="],

    "string_decoder/safe-buffer": ["safe-buffer@5.1.2", "", {}, "sha512-Gd2UZBJDkXlY7GbJxfsE8/nvKkUEU1G38c1siN6QP6a9PT9MmHB8GnpscSmMJSoF8LOIrt8ud/wPtojys4G6+g=="],

    "to-buffer/isarray": ["isarray@2.0.5", "", {}, "sha512-xHjhDr3cNBK0BzdUJSPXZntQUx/mwMS5Rw4A7lPJ90XGAO6ISP/ePDNuo0vhqOZU+UD5JoodwCAAoZQd3FeAKw=="],

    "@evvm/evvm-js/viem/ox": ["ox@0.11.3", "", { "dependencies": { "@adraffy/ens-normalize": "^1.11.0", "@noble/ciphers": "^1.3.0", "@noble/curves": "1.9.1", "@noble/hashes": "^1.8.0", "@scure/bip32": "^1.7.0", "@scure/bip39": "^1.6.0", "abitype": "^1.2.3", "eventemitter3": "5.0.1" }, "peerDependencies": { "typescript": ">=5.4.0" }, "optionalPeers": ["typescript"] }, "sha512-1bWYGk/xZel3xro3l8WGg6eq4YEKlaqvyMtVhfMFpbJzK2F6rj4EDRtqDCWVEJMkzcmEi9uW2QxsqELokOlarw=="],

    "ethers/@types/node/undici-types": ["undici-types@6.19.8", "", {}, "sha512-ve2KP6f/JnbPBFyobGHuerC9g1FYGn/F8n1LWTwNxCEzd6IfqTwUQcNXgEtmmQ6DlRrC1hrSrBnCZPokRrDHjw=="],

    "@evvm/evvm-js/viem/ox/@adraffy/ens-normalize": ["@adraffy/ens-normalize@1.11.1", "", {}, "sha512-nhCBV3quEgesuf7c7KYfperqSS14T8bYuvJ8PcLJp6znkZpFc0AuW4qBtr8eKVyPPe/8RSr7sglCWPU5eaxwKQ=="],
  }
}
